// !$*UTF8*$!
{
	archiveVersion = 1;
	classes = {
	};
	objectVersion = 77;
	objects = {

/* Begin PBXBuildFile section */
		DD3212DA2DCBAF450091E7C1 /* GoogleSignIn in Frameworks */ = {isa = PBXBuildFile; productRef = DD3212D92DCBAF450091E7C1 /* GoogleSignIn */; };
		DD3212DC2DCBAF450091E7C1 /* GoogleSignInSwift in Frameworks */ = {isa = PBXBuildFile; productRef = DD3212DB2DCBAF450091E7C1 /* GoogleSignInSwift */; };
		DD6788882DBA592C00A8BA94 /* GoogleService-Info.plist in Resources */ = {isa = PBXBuildFile; fileRef = DD6788872DBA592C00A8BA94 /* GoogleService-Info.plist */; };
		DD67888B2DBA59F500A8BA94 /* FirebaseAnalytics in Frameworks */ = {isa = PBXBuildFile; productRef = DD67888A2DBA59F500A8BA94 /* FirebaseAnalytics */; };
		DD6788962DBA5A8600A8BA94 /* FirebaseAuth in Frameworks */ = {isa = PBXBuildFile; productRef = DD6788952DBA5A8600A8BA94 /* FirebaseAuth */; };
		DD6788982DBA5A9A00A8BA94 /* FirebaseCore in Frameworks */ = {isa = PBXBuildFile; productRef = DD6788972DBA5A9A00A8BA94 /* FirebaseCore */; };
		DD67889A2DBA5AA100A8BA94 /* FirebaseCrashlytics in Frameworks */ = {isa = PBXBuildFile; productRef = DD6788992DBA5AA100A8BA94 /* FirebaseCrashlytics */; };
		DD67889E2DBA5AB000A8BA94 /* FirebaseFirestore in Frameworks */ = {isa = PBXBuildFile; productRef = DD67889D2DBA5AB000A8BA94 /* FirebaseFirestore */; };
/* End PBXBuildFile section */

/* Begin PBXContainerItemProxy section */
		DD0F5E842DA6BFE9007F9337 /* PBXContainerItemProxy */ = {
			isa = PBXContainerItemProxy;
			containerPortal = DD0F5E6E2DA6BFE6007F9337 /* Project object */;
			proxyType = 1;
			remoteGlobalIDString = DD0F5E752DA6BFE6007F9337;
			remoteInfo = "Expat App";
		};
		DD0F5E8E2DA6BFE9007F9337 /* PBXContainerItemProxy */ = {
			isa = PBXContainerItemProxy;
			containerPortal = DD0F5E6E2DA6BFE6007F9337 /* Project object */;
			proxyType = 1;
			remoteGlobalIDString = DD0F5E752DA6BFE6007F9337;
			remoteInfo = "Expat App";
		};
/* End PBXContainerItemProxy section */

/* Begin PBXFileReference section */
		DD0F5E762DA6BFE6007F9337 /* Expat App.app */ = {isa = PBXFileReference; explicitFileType = wrapper.application; includeInIndex = 0; path = "Expat App.app"; sourceTree = BUILT_PRODUCTS_DIR; };
		DD0F5E832DA6BFE9007F9337 /* Expat AppTests.xctest */ = {isa = PBXFileReference; explicitFileType = wrapper.cfbundle; includeInIndex = 0; path = "Expat AppTests.xctest"; sourceTree = BUILT_PRODUCTS_DIR; };
		DD0F5E8D2DA6BFE9007F9337 /* Expat AppUITests.xctest */ = {isa = PBXFileReference; explicitFileType = wrapper.cfbundle; includeInIndex = 0; path = "Expat AppUITests.xctest"; sourceTree = BUILT_PRODUCTS_DIR; };
		DD6788872DBA592C00A8BA94 /* GoogleService-Info.plist */ = {isa = PBXFileReference; lastKnownFileType = text.plist.xml; path = "GoogleService-Info.plist"; sourceTree = "<group>"; };
/* End PBXFileReference section */

/* Begin PBXFileSystemSynchronizedRootGroup section */
		DD0F5E782DA6BFE6007F9337 /* Expat App */ = {
			isa = PBXFileSystemSynchronizedRootGroup;
			path = "Expat App";
			sourceTree = "<group>";
		};
		DD0F5E862DA6BFE9007F9337 /* Expat AppTests */ = {
			isa = PBXFileSystemSynchronizedRootGroup;
			path = "Expat AppTests";
			sourceTree = "<group>";
		};
		DD0F5E902DA6BFE9007F9337 /* Expat AppUITests */ = {
			isa = PBXFileSystemSynchronizedRootGroup;
			path = "Expat AppUITests";
			sourceTree = "<group>";
		};
/* End PBXFileSystemSynchronizedRootGroup section */

/* Begin PBXFrameworksBuildPhase section */
		DD0F5E732DA6BFE6007F9337 /* Frameworks */ = {
			isa = PBXFrameworksBuildPhase;
			buildActionMask = 2147483647;
			files = (
				DD6788962DBA5A8600A8BA94 /* FirebaseAuth in Frameworks */,
				DD67889A2DBA5AA100A8BA94 /* FirebaseCrashlytics in Frameworks */,
				DD3212DC2DCBAF450091E7C1 /* GoogleSignInSwift in Frameworks */,
				DD6788982DBA5A9A00A8BA94 /* FirebaseCore in Frameworks */,
				DD67888B2DBA59F500A8BA94 /* FirebaseAnalytics in Frameworks */,
				DD67889E2DBA5AB000A8BA94 /* FirebaseFirestore in Frameworks */,
				DD3212DA2DCBAF450091E7C1 /* GoogleSignIn in Frameworks */,
			);
			runOnlyForDeploymentPostprocessing = 0;
		};
		DD0F5E802DA6BFE9007F9337 /* Frameworks */ = {
			isa = PBXFrameworksBuildPhase;
			buildActionMask = 2147483647;
			files = (
			);
			runOnlyForDeploymentPostprocessing = 0;
		};
		DD0F5E8A2DA6BFE9007F9337 /* Frameworks */ = {
			isa = PBXFrameworksBuildPhase;
			buildActionMask = 2147483647;
			files = (
			);
			runOnlyForDeploymentPostprocessing = 0;
		};
/* End PBXFrameworksBuildPhase section */

/* Begin PBXGroup section */
		DD0F5E6D2DA6BFE6007F9337 = {
			isa = PBXGroup;
			children = (
				DD0F5E782DA6BFE6007F9337 /* Expat App */,
				DD0F5E862DA6BFE9007F9337 /* Expat AppTests */,
				DD0F5E902DA6BFE9007F9337 /* Expat AppUITests */,
				DD0F5E772DA6BFE6007F9337 /* Products */,
				DD6788872DBA592C00A8BA94 /* GoogleService-Info.plist */,
				DD6788942DBA5A8600A8BA94 /* Frameworks */,
			);
			sourceTree = "<group>";
		};
		DD0F5E772DA6BFE6007F9337 /* Products */ = {
			isa = PBXGroup;
			children = (
				DD0F5E762DA6BFE6007F9337 /* Expat App.app */,
				DD0F5E832DA6BFE9007F9337 /* Expat AppTests.xctest */,
				DD0F5E8D2DA6BFE9007F9337 /* Expat AppUITests.xctest */,
			);
			name = Products;
			sourceTree = "<group>";
		};
		DD6788942DBA5A8600A8BA94 /* Frameworks */ = {
			isa = PBXGroup;
			children = (
			);
			name = Frameworks;
			sourceTree = "<group>";
		};
/* End PBXGroup section */

/* Begin PBXNativeTarget section */
		DD0F5E752DA6BFE6007F9337 /* Expat App */ = {
			isa = PBXNativeTarget;
			buildConfigurationList = DD0F5E972DA6BFE9007F9337 /* Build configuration list for PBXNativeTarget "Expat App" */;
			buildPhases = (
				DD0F5E722DA6BFE6007F9337 /* Sources */,
				DD0F5E732DA6BFE6007F9337 /* Frameworks */,
				DD0F5E742DA6BFE6007F9337 /* Resources */,
			);
			buildRules = (
			);
			dependencies = (
			);
			fileSystemSynchronizedGroups = (
				DD0F5E782DA6BFE6007F9337 /* Expat App */,
			);
			name = "Expat App";
			packageProductDependencies = (
				DD67888A2DBA59F500A8BA94 /* FirebaseAnalytics */,
				DD6788952DBA5A8600A8BA94 /* FirebaseAuth */,
				DD6788972DBA5A9A00A8BA94 /* FirebaseCore */,
				DD6788992DBA5AA100A8BA94 /* FirebaseCrashlytics */,
				DD67889D2DBA5AB000A8BA94 /* FirebaseFirestore */,
				DD3212D92DCBAF450091E7C1 /* GoogleSignIn */,
				DD3212DB2DCBAF450091E7C1 /* GoogleSignInSwift */,
			);
			productName = "Expat App";
			productReference = DD0F5E762DA6BFE6007F9337 /* Expat App.app */;
			productType = "com.apple.product-type.application";
		};
		DD0F5E822DA6BFE9007F9337 /* Expat AppTests */ = {
			isa = PBXNativeTarget;
			buildConfigurationList = DD0F5E9A2DA6BFE9007F9337 /* Build configuration list for PBXNativeTarget "Expat AppTests" */;
			buildPhases = (
				DD0F5E7F2DA6BFE9007F9337 /* Sources */,
				DD0F5E802DA6BFE9007F9337 /* Frameworks */,
				DD0F5E812DA6BFE9007F9337 /* Resources */,
			);
			buildRules = (
			);
			dependencies = (
				DD0F5E852DA6BFE9007F9337 /* PBXTargetDependency */,
			);
			fileSystemSynchronizedGroups = (
				DD0F5E862DA6BFE9007F9337 /* Expat AppTests */,
			);
			name = "Expat AppTests";
			packageProductDependencies = (
			);
			productName = "Expat AppTests";
			productReference = DD0F5E832DA6BFE9007F9337 /* Expat AppTests.xctest */;
			productType = "com.apple.product-type.bundle.unit-test";
		};
		DD0F5E8C2DA6BFE9007F9337 /* Expat AppUITests */ = {
			isa = PBXNativeTarget;
			buildConfigurationList = DD0F5E9D2DA6BFE9007F9337 /* Build configuration list for PBXNativeTarget "Expat AppUITests" */;
			buildPhases = (
				DD0F5E892DA6BFE9007F9337 /* Sources */,
				DD0F5E8A2DA6BFE9007F9337 /* Frameworks */,
				DD0F5E8B2DA6BFE9007F9337 /* Resources */,
			);
			buildRules = (
			);
			dependencies = (
				DD0F5E8F2DA6BFE9007F9337 /* PBXTargetDependency */,
			);
			fileSystemSynchronizedGroups = (
				DD0F5E902DA6BFE9007F9337 /* Expat AppUITests */,
			);
			name = "Expat AppUITests";
			packageProductDependencies = (
			);
			productName = "Expat AppUITests";
			productReference = DD0F5E8D2DA6BFE9007F9337 /* Expat AppUITests.xctest */;
			productType = "com.apple.product-type.bundle.ui-testing";
		};
/* End PBXNativeTarget section */

/* Begin PBXProject section */
		DD0F5E6E2DA6BFE6007F9337 /* Project object */ = {
			isa = PBXProject;
			attributes = {
				BuildIndependentTargetsInParallel = 1;
				LastSwiftUpdateCheck = 1630;
				LastUpgradeCheck = 1630;
				TargetAttributes = {
					DD0F5E752DA6BFE6007F9337 = {
						CreatedOnToolsVersion = 16.3;
					};
					DD0F5E822DA6BFE9007F9337 = {
						CreatedOnToolsVersion = 16.3;
						TestTargetID = DD0F5E752DA6BFE6007F9337;
					};
					DD0F5E8C2DA6BFE9007F9337 = {
						CreatedOnToolsVersion = 16.3;
						TestTargetID = DD0F5E752DA6BFE6007F9337;
					};
				};
			};
			buildConfigurationList = DD0F5E712DA6BFE6007F9337 /* Build configuration list for PBXProject "Expat App" */;
			developmentRegion = en;
			hasScannedForEncodings = 0;
			knownRegions = (
				en,
				Base,
			);
			mainGroup = DD0F5E6D2DA6BFE6007F9337;
			minimizedProjectReferenceProxies = 1;
			packageReferences = (
				DD6788892DBA59F500A8BA94 /* XCRemoteSwiftPackageReference "firebase-ios-sdk" */,
				DD3212D82DCBAF450091E7C1 /* XCRemoteSwiftPackageReference "GoogleSignIn-iOS" */,
			);
			preferredProjectObjectVersion = 77;
			productRefGroup = DD0F5E772DA6BFE6007F9337 /* Products */;
			projectDirPath = "";
			projectRoot = "";
			targets = (
				DD0F5E752DA6BFE6007F9337 /* Expat App */,
				DD0F5E822DA6BFE9007F9337 /* Expat AppTests */,
				DD0F5E8C2DA6BFE9007F9337 /* Expat AppUITests */,
			);
		};
/* End PBXProject section */

/* Begin PBXResourcesBuildPhase section */
		DD0F5E742DA6BFE6007F9337 /* Resources */ = {
			isa = PBXResourcesBuildPhase;
			buildActionMask = 2147483647;
			files = (
				DD6788882DBA592C00A8BA94 /* GoogleService-Info.plist in Resources */,
			);
			runOnlyForDeploymentPostprocessing = 0;
		};
		DD0F5E812DA6BFE9007F9337 /* Resources */ = {
			isa = PBXResourcesBuildPhase;
			buildActionMask = 2147483647;
			files = (
			);
			runOnlyForDeploymentPostprocessing = 0;
		};
		DD0F5E8B2DA6BFE9007F9337 /* Resources */ = {
			isa = PBXResourcesBuildPhase;
			buildActionMask = 2147483647;
			files = (
			);
			runOnlyForDeploymentPostprocessing = 0;
		};
/* End PBXResourcesBuildPhase section */

/* Begin PBXSourcesBuildPhase section */
		DD0F5E722DA6BFE6007F9337 /* Sources */ = {
			isa = PBXSourcesBuildPhase;
			buildActionMask = 2147483647;
			files = (
			);
			runOnlyForDeploymentPostprocessing = 0;
		};
		DD0F5E7F2DA6BFE9007F9337 /* Sources */ = {
			isa = PBXSourcesBuildPhase;
			buildActionMask = 2147483647;
			files = (
			);
			runOnlyForDeploymentPostprocessing = 0;
		};
		DD0F5E892DA6BFE9007F9337 /* Sources */ = {
			isa = PBXSourcesBuildPhase;
			buildActionMask = 2147483647;
			files = (
			);
			runOnlyForDeploymentPostprocessing = 0;
		};
/* End PBXSourcesBuildPhase section */

/* Begin PBXTargetDependency section */
		DD0F5E852DA6BFE9007F9337 /* PBXTargetDependency */ = {
			isa = PBXTargetDependency;
			target = DD0F5E752DA6BFE6007F9337 /* Expat App */;
			targetProxy = DD0F5E842DA6BFE9007F9337 /* PBXContainerItemProxy */;
		};
		DD0F5E8F2DA6BFE9007F9337 /* PBXTargetDependency */ = {
			isa = PBXTargetDependency;
			target = DD0F5E752DA6BFE6007F9337 /* Expat App */;
			targetProxy = DD0F5E8E2DA6BFE9007F9337 /* PBXContainerItemProxy */;
		};
/* End PBXTargetDependency section */

/* Begin XCBuildConfiguration section */
		DD0F5E952DA6BFE9007F9337 /* Debug */ = {
			isa = XCBuildConfiguration;
			buildSettings = {
				ALWAYS_SEARCH_USER_PATHS = NO;
				ASSETCATALOG_COMPILER_GENERATE_SWIFT_ASSET_SYMBOL_EXTENSIONS = YES;
				CLANG_ANALYZER_NONNULL = YES;
				CLANG_ANALYZER_NUMBER_OBJECT_CONVERSION = YES_AGGRESSIVE;
				CLANG_CXX_LANGUAGE_STANDARD = "gnu++20";
				CLANG_ENABLE_MODULES = YES;
				CLANG_ENABLE_OBJC_ARC = YES;
				CLANG_ENABLE_OBJC_WEAK = YES;
				CLANG_WARN_BLOCK_CAPTURE_AUTORELEASING = YES;
				CLANG_WARN_BOOL_CONVERSION = YES;
				CLANG_WARN_COMMA = YES;
				CLANG_WARN_CONSTANT_CONVERSION = YES;
				CLANG_WARN_DEPRECATED_OBJC_IMPLEMENTATIONS = YES;
				CLANG_WARN_DIRECT_OBJC_ISA_USAGE = YES_ERROR;
				CLANG_WARN_DOCUMENTATION_COMMENTS = YES;
				CLANG_WARN_EMPTY_BODY = YES;
				CLANG_WARN_ENUM_CONVERSION = YES;
				CLANG_WARN_INFINITE_RECURSION = YES;
				CLANG_WARN_INT_CONVERSION = YES;
				CLANG_WARN_NON_LITERAL_NULL_CONVERSION = YES;
				CLANG_WARN_OBJC_IMPLICIT_RETAIN_SELF = YES;
				CLANG_WARN_OBJC_LITERAL_CONVERSION = YES;
				CLANG_WARN_OBJC_ROOT_CLASS = YES_ERROR;
				CLANG_WARN_QUOTED_INCLUDE_IN_FRAMEWORK_HEADER = YES;
				CLANG_WARN_RANGE_LOOP_ANALYSIS = YES;
				CLANG_WARN_STRICT_PROTOTYPES = YES;
				CLANG_WARN_SUSPICIOUS_MOVE = YES;
				CLANG_WARN_UNGUARDED_AVAILABILITY = YES_AGGRESSIVE;
				CLANG_WARN_UNREACHABLE_CODE = YES;
				CLANG_WARN__DUPLICATE_METHOD_MATCH = YES;
				COPY_PHASE_STRIP = NO;
				DEBUG_INFORMATION_FORMAT = dwarf;
				ENABLE_STRICT_OBJC_MSGSEND = YES;
				ENABLE_TESTABILITY = YES;
				ENABLE_USER_SCRIPT_SANDBOXING = YES;
				GCC_C_LANGUAGE_STANDARD = gnu17;
				GCC_DYNAMIC_NO_PIC = NO;
				GCC_NO_COMMON_BLOCKS = YES;
				GCC_OPTIMIZATION_LEVEL = 0;
				GCC_PREPROCESSOR_DEFINITIONS = (
					"DEBUG=1",
					"$(inherited)",
				);
				GCC_WARN_64_TO_32_BIT_CONVERSION = YES;
				GCC_WARN_ABOUT_RETURN_TYPE = YES_ERROR;
				GCC_WARN_UNDECLARED_SELECTOR = YES;
				GCC_WARN_UNINITIALIZED_AUTOS = YES_AGGRESSIVE;
				GCC_WARN_UNUSED_FUNCTION = YES;
				GCC_WARN_UNUSED_VARIABLE = YES;
				IPHONEOS_DEPLOYMENT_TARGET = 18.4;
				LOCALIZATION_PREFERS_STRING_CATALOGS = YES;
				MTL_ENABLE_DEBUG_INFO = INCLUDE_SOURCE;
				MTL_FAST_MATH = YES;
				ONLY_ACTIVE_ARCH = YES;
				SDKROOT = iphoneos;
				SWIFT_ACTIVE_COMPILATION_CONDITIONS = "DEBUG $(inherited)";
				SWIFT_OPTIMIZATION_LEVEL = "-Onone";
			};
			name = Debug;
		};
		DD0F5E962DA6BFE9007F9337 /* Release */ = {
			isa = XCBuildConfiguration;
			buildSettings = {
				ALWAYS_SEARCH_USER_PATHS = NO;
				ASSETCATALOG_COMPILER_GENERATE_SWIFT_ASSET_SYMBOL_EXTENSIONS = YES;
				CLANG_ANALYZER_NONNULL = YES;
				CLANG_ANALYZER_NUMBER_OBJECT_CONVERSION = YES_AGGRESSIVE;
				CLANG_CXX_LANGUAGE_STANDARD = "gnu++20";
				CLANG_ENABLE_MODULES = YES;
				CLANG_ENABLE_OBJC_ARC = YES;
				CLANG_ENABLE_OBJC_WEAK = YES;
				CLANG_WARN_BLOCK_CAPTURE_AUTORELEASING = YES;
				CLANG_WARN_BOOL_CONVERSION = YES;
				CLANG_WARN_COMMA = YES;
				CLANG_WARN_CONSTANT_CONVERSION = YES;
				CLANG_WARN_DEPRECATED_OBJC_IMPLEMENTATIONS = YES;
				CLANG_WARN_DIRECT_OBJC_ISA_USAGE = YES_ERROR;
				CLANG_WARN_DOCUMENTATION_COMMENTS = YES;
				CLANG_WARN_EMPTY_BODY = YES;
				CLANG_WARN_ENUM_CONVERSION = YES;
				CLANG_WARN_INFINITE_RECURSION = YES;
				CLANG_WARN_INT_CONVERSION = YES;
				CLANG_WARN_NON_LITERAL_NULL_CONVERSION = YES;
				CLANG_WARN_OBJC_IMPLICIT_RETAIN_SELF = YES;
				CLANG_WARN_OBJC_LITERAL_CONVERSION = YES;
				CLANG_WARN_OBJC_ROOT_CLASS = YES_ERROR;
				CLANG_WARN_QUOTED_INCLUDE_IN_FRAMEWORK_HEADER = YES;
				CLANG_WARN_RANGE_LOOP_ANALYSIS = YES;
				CLANG_WARN_STRICT_PROTOTYPES = YES;
				CLANG_WARN_SUSPICIOUS_MOVE = YES;
				CLANG_WARN_UNGUARDED_AVAILABILITY = YES_AGGRESSIVE;
				CLANG_WARN_UNREACHABLE_CODE = YES;
				CLANG_WARN__DUPLICATE_METHOD_MATCH = YES;
				COPY_PHASE_STRIP = NO;
				DEBUG_INFORMATION_FORMAT = "dwarf-with-dsym";
				ENABLE_NS_ASSERTIONS = NO;
				ENABLE_STRICT_OBJC_MSGSEND = YES;
				ENABLE_USER_SCRIPT_SANDBOXING = YES;
				GCC_C_LANGUAGE_STANDARD = gnu17;
				GCC_NO_COMMON_BLOCKS = YES;
				GCC_WARN_64_TO_32_BIT_CONVERSION = YES;
				GCC_WARN_ABOUT_RETURN_TYPE = YES_ERROR;
				GCC_WARN_UNDECLARED_SELECTOR = YES;
				GCC_WARN_UNINITIALIZED_AUTOS = YES_AGGRESSIVE;
				GCC_WARN_UNUSED_FUNCTION = YES;
				GCC_WARN_UNUSED_VARIABLE = YES;
				IPHONEOS_DEPLOYMENT_TARGET = 18.4;
				LOCALIZATION_PREFERS_STRING_CATALOGS = YES;
				MTL_ENABLE_DEBUG_INFO = NO;
				MTL_FAST_MATH = YES;
				SDKROOT = iphoneos;
				SWIFT_COMPILATION_MODE = wholemodule;
				VALIDATE_PRODUCT = YES;
			};
			name = Release;
		};
		DD0F5E982DA6BFE9007F9337 /* Debug */ = {
			isa = XCBuildConfiguration;
			buildSettings = {
				ASSETCATALOG_COMPILER_APPICON_NAME = AppIcon;
				ASSETCATALOG_COMPILER_GLOBAL_ACCENT_COLOR_NAME = AccentColor;
				CODE_SIGN_STYLE = Automatic;
				CURRENT_PROJECT_VERSION = 1;
				ENABLE_PREVIEWS = YES;
				GENERATE_INFOPLIST_FILE = YES;
				INFOPLIST_FILE = "Expat-App-Info.plist";
				INFOPLIST_KEY_CFBundleDisplayName = EmigrateIn;
				INFOPLIST_KEY_LSApplicationCategoryType = "public.app-category.travel";
				INFOPLIST_KEY_UIApplicationSceneManifest_Generation = YES;
				INFOPLIST_KEY_UIApplicationSupportsIndirectInputEvents = YES;
				INFOPLIST_KEY_UILaunchScreen_Generation = YES;
				INFOPLIST_KEY_UIStatusBarStyle = "";
				INFOPLIST_KEY_UISupportedInterfaceOrientations_iPad = "UIInterfaceOrientationPortrait UIInterfaceOrientationPortraitUpsideDown UIInterfaceOrientationLandscapeLeft UIInterfaceOrientationLandscapeRight";
				INFOPLIST_KEY_UISupportedInterfaceOrientations_iPhone = "UIInterfaceOrientationPortrait UIInterfaceOrientationLandscapeLeft UIInterfaceOrientationLandscapeRight";
				LD_RUNPATH_SEARCH_PATHS = (
					"$(inherited)",
					"@executable_path/Frameworks",
				);
				MARKETING_VERSION = 1.0;
				PRODUCT_BUNDLE_IDENTIFIER = de.dominikbaki.expatfamilyapp;
				PRODUCT_NAME = "$(TARGET_NAME)";
				SUPPORTED_PLATFORMS = "iphoneos iphonesimulator";
				SUPPORTS_MACCATALYST = NO;
				SUPPORTS_MAC_DESIGNED_FOR_IPHONE_IPAD = NO;
				SUPPORTS_XR_DESIGNED_FOR_IPHONE_IPAD = NO;
				SWIFT_EMIT_LOC_STRINGS = YES;
				SWIFT_VERSION = 5.0;
				TARGETED_DEVICE_FAMILY = 1;
			};
			name = Debug;
		};
		DD0F5E992DA6BFE9007F9337 /* Release */ = {
			isa = XCBuildConfiguration;
			buildSettings = {
				ASSETCATALOG_COMPILER_APPICON_NAME = AppIcon;
				ASSETCATALOG_COMPILER_GLOBAL_ACCENT_COLOR_NAME = AccentColor;
				CODE_SIGN_STYLE = Automatic;
				CURRENT_PROJECT_VERSION = 1;
				ENABLE_PREVIEWS = YES;
				GENERATE_INFOPLIST_FILE = YES;
				INFOPLIST_FILE = "Expat-App-Info.plist";
				INFOPLIST_KEY_CFBundleDisplayName = EmigrateIn;
				INFOPLIST_KEY_LSApplicationCategoryType = "public.app-category.travel";
				INFOPLIST_KEY_UIApplicationSceneManifest_Generation = YES;
				INFOPLIST_KEY_UIApplicationSupportsIndirectInputEvents = YES;
				INFOPLIST_KEY_UILaunchScreen_Generation = YES;
				INFOPLIST_KEY_UIStatusBarStyle = "";
				INFOPLIST_KEY_UISupportedInterfaceOrientations_iPad = "UIInterfaceOrientationPortrait UIInterfaceOrientationPortraitUpsideDown UIInterfaceOrientationLandscapeLeft UIInterfaceOrientationLandscapeRight";
				INFOPLIST_KEY_UISupportedInterfaceOrientations_iPhone = "UIInterfaceOrientationPortrait UIInterfaceOrientationLandscapeLeft UIInterfaceOrientationLandscapeRight";
				LD_RUNPATH_SEARCH_PATHS = (
					"$(inherited)",
					"@executable_path/Frameworks",
				);
				MARKETING_VERSION = 1.0;
				PRODUCT_BUNDLE_IDENTIFIER = de.dominikbaki.expatfamilyapp;
				PRODUCT_NAME = "$(TARGET_NAME)";
				SUPPORTED_PLATFORMS = "iphoneos iphonesimulator";
				SUPPORTS_MACCATALYST = NO;
				SUPPORTS_MAC_DESIGNED_FOR_IPHONE_IPAD = NO;
				SUPPORTS_XR_DESIGNED_FOR_IPHONE_IPAD = NO;
				SWIFT_EMIT_LOC_STRINGS = YES;
				SWIFT_VERSION = 5.0;
				TARGETED_DEVICE_FAMILY = 1;
			};
			name = Release;
		};
		DD0F5E9B2DA6BFE9007F9337 /* Debug */ = {
			isa = XCBuildConfiguration;
			buildSettings = {
				BUNDLE_LOADER = "$(TEST_HOST)";
				CODE_SIGN_STYLE = Automatic;
				CURRENT_PROJECT_VERSION = 1;
				GENERATE_INFOPLIST_FILE = YES;
				IPHONEOS_DEPLOYMENT_TARGET = 18.4;
				MARKETING_VERSION = 1.0;
				PRODUCT_BUNDLE_IDENTIFIER = "de.dominikbaki.Expat-AppTests";
				PRODUCT_NAME = "$(TARGET_NAME)";
				SWIFT_EMIT_LOC_STRINGS = NO;
				SWIFT_VERSION = 5.0;
				TARGETED_DEVICE_FAMILY = "1,2";
				TEST_HOST = "$(BUILT_PRODUCTS_DIR)/Expat App.app/$(BUNDLE_EXECUTABLE_FOLDER_PATH)/Expat App";
			};
			name = Debug;
		};
		DD0F5E9C2DA6BFE9007F9337 /* Release */ = {
			isa = XCBuildConfiguration;
			buildSettings = {
				BUNDLE_LOADER = "$(TEST_HOST)";
				CODE_SIGN_STYLE = Automatic;
				CURRENT_PROJECT_VERSION = 1;
				GENERATE_INFOPLIST_FILE = YES;
				IPHONEOS_DEPLOYMENT_TARGET = 18.4;
				MARKETING_VERSION = 1.0;
				PRODUCT_BUNDLE_IDENTIFIER = "de.dominikbaki.Expat-AppTests";
				PRODUCT_NAME = "$(TARGET_NAME)";
				SWIFT_EMIT_LOC_STRINGS = NO;
				SWIFT_VERSION = 5.0;
				TARGETED_DEVICE_FAMILY = "1,2";
				TEST_HOST = "$(BUILT_PRODUCTS_DIR)/Expat App.app/$(BUNDLE_EXECUTABLE_FOLDER_PATH)/Expat App";
			};
			name = Release;
		};
		DD0F5E9E2DA6BFE9007F9337 /* Debug */ = {
			isa = XCBuildConfiguration;
			buildSettings = {
				CODE_SIGN_STYLE = Automatic;
				CURRENT_PROJECT_VERSION = 1;
				GENERATE_INFOPLIST_FILE = YES;
				MARKETING_VERSION = 1.0;
				PRODUCT_BUNDLE_IDENTIFIER = "de.dominikbaki.Expat-AppUITests";
				PRODUCT_NAME = "$(TARGET_NAME)";
				SWIFT_EMIT_LOC_STRINGS = NO;
				SWIFT_VERSION = 5.0;
				TARGETED_DEVICE_FAMILY = "1,2";
				TEST_TARGET_NAME = "Expat App";
			};
			name = Debug;
		};
		DD0F5E9F2DA6BFE9007F9337 /* Release */ = {
			isa = XCBuildConfiguration;
			buildSettings = {
				CODE_SIGN_STYLE = Automatic;
				CURRENT_PROJECT_VERSION = 1;
				GENERATE_INFOPLIST_FILE = YES;
				MARKETING_VERSION = 1.0;
				PRODUCT_BUNDLE_IDENTIFIER = "de.dominikbaki.Expat-AppUITests";
				PRODUCT_NAME = "$(TARGET_NAME)";
				SWIFT_EMIT_LOC_STRINGS = NO;
				SWIFT_VERSION = 5.0;
				TARGETED_DEVICE_FAMILY = "1,2";
				TEST_TARGET_NAME = "Expat App";
			};
			name = Release;
		};
/* End XCBuildConfiguration section */

/* Begin XCConfigurationList section */
		DD0F5E712DA6BFE6007F9337 /* Build configuration list for PBXProject "Expat App" */ = {
			isa = XCConfigurationList;
			buildConfigurations = (
				DD0F5E952DA6BFE9007F9337 /* Debug */,
				DD0F5E962DA6BFE9007F9337 /* Release */,
			);
			defaultConfigurationIsVisible = 0;
			defaultConfigurationName = Release;
		};
		DD0F5E972DA6BFE9007F9337 /* Build configuration list for PBXNativeTarget "Expat App" */ = {
			isa = XCConfigurationList;
			buildConfigurations = (
				DD0F5E982DA6BFE9007F9337 /* Debug */,
				DD0F5E992DA6BFE9007F9337 /* Release */,
			);
			defaultConfigurationIsVisible = 0;
			defaultConfigurationName = Release;
		};
		DD0F5E9A2DA6BFE9007F9337 /* Build configuration list for PBXNativeTarget "Expat AppTests" */ = {
			isa = XCConfigurationList;
			buildConfigurations = (
				DD0F5E9B2DA6BFE9007F9337 /* Debug */,
				DD0F5E9C2DA6BFE9007F9337 /* Release */,
			);
			defaultConfigurationIsVisible = 0;
			defaultConfigurationName = Release;
		};
		DD0F5E9D2DA6BFE9007F9337 /* Build configuration list for PBXNativeTarget "Expat AppUITests" */ = {
			isa = XCConfigurationList;
			buildConfigurations = (
				DD0F5E9E2DA6BFE9007F9337 /* Debug */,
				DD0F5E9F2DA6BFE9007F9337 /* Release */,
			);
			defaultConfigurationIsVisible = 0;
			defaultConfigurationName = Release;
		};
/* End XCConfigurationList section */

/* Begin XCRemoteSwiftPackageReference section */
		DD3212D82DCBAF450091E7C1 /* XCRemoteSwiftPackageReference "GoogleSignIn-iOS" */ = {
			isa = XCRemoteSwiftPackageReference;
			repositoryURL = "https://github.com/google/GoogleSignIn-iOS.git";
			requirement = {
				kind = upToNextMajorVersion;
				minimumVersion = 8.0.0;
			};
		};
		DD6788892DBA59F500A8BA94 /* XCRemoteSwiftPackageReference "firebase-ios-sdk" */ = {
			isa = XCRemoteSwiftPackageReference;
			repositoryURL = "https://github.com/firebase/firebase-ios-sdk";
			requirement = {
				kind = upToNextMajorVersion;
				minimumVersion = 11.12.0;
			};
		};
/* End XCRemoteSwiftPackageReference section */

/* Begin XCSwiftPackageProductDependency section */
		DD3212D92DCBAF450091E7C1 /* GoogleSignIn */ = {
			isa = XCSwiftPackageProductDependency;
			package = DD3212D82DCBAF450091E7C1 /* XCRemoteSwiftPackageReference "GoogleSignIn-iOS" */;
			productName = GoogleSignIn;
		};
		DD3212DB2DCBAF450091E7C1 /* GoogleSignInSwift */ = {
			isa = XCSwiftPackageProductDependency;
			package = DD3212D82DCBAF450091E7C1 /* XCRemoteSwiftPackageReference "GoogleSignIn-iOS" */;
			productName = GoogleSignInSwift;
		};
		DD67888A2DBA59F500A8BA94 /* FirebaseAnalytics */ = {
			isa = XCSwiftPackageProductDependency;
			package = DD6788892DBA59F500A8BA94 /* XCRemoteSwiftPackageReference "firebase-ios-sdk" */;
			productName = FirebaseAnalytics;
		};
		DD6788952DBA5A8600A8BA94 /* FirebaseAuth */ = {
			isa = XCSwiftPackageProductDependency;
			package = DD6788892DBA59F500A8BA94 /* XCRemoteSwiftPackageReference "firebase-ios-sdk" */;
			productName = FirebaseAuth;
		};
		DD6788972DBA5A9A00A8BA94 /* FirebaseCore */ = {
			isa = XCSwiftPackageProductDependency;
			package = DD6788892DBA59F500A8BA94 /* XCRemoteSwiftPackageReference "firebase-ios-sdk" */;
			productName = FirebaseCore;
		};
		DD6788992DBA5AA100A8BA94 /* FirebaseCrashlytics */ = {
			isa = XCSwiftPackageProductDependency;
			package = DD6788892DBA59F500A8BA94 /* XCRemoteSwiftPackageReference "firebase-ios-sdk" */;
			productName = FirebaseCrashlytics;
		};
		DD67889D2DBA5AB000A8BA94 /* FirebaseFirestore */ = {
			isa = XCSwiftPackageProductDependency;
			package = DD6788892DBA59F500A8BA94 /* XCRemoteSwiftPackageReference "firebase-ios-sdk" */;
			productName = FirebaseFirestore;
		};
/* End XCSwiftPackageProductDependency section */
	};
	rootObject = DD0F5E6E2DA6BFE6007F9337 /* Project object */;
}
